
Microsoft Visual Studio Solution File, Format Version 12.00
# Visual Studio 15
VisualStudioVersion = 15.0.28307.168
MinimumVisualStudioVersion = 10.0.40219.1
Project("{FAE04EC0-301F-11D3-BF4B-00C04F79EFBC}") = "1000cSharpPractice", "1000cSharpPractice.csproj", "{3FF05421-D4BF-4AFC-A38E-7210B11B15ED}"
EndProject
Global
	GlobalSection(SolutionConfigurationPlatforms) = preSolution
		Debug|Any CPU = Debug|Any CPU
		Release|Any CPU = Release|Any CPU
	EndGlobalSection
	GlobalSection(ProjectConfigurationPlatforms) = postSolution
		{3FF05421-D4BF-4AFC-A38E-7210B11B15ED}.Debug|Any CPU.ActiveCfg = Debug|Any CPU
		{3FF05421-D4BF-4AFC-A38E-7210B11B15ED}.Debug|Any CPU.Build.0 = Debug|Any CPU
		{3FF05421-D4BF-4AFC-A38E-7210B11B15ED}.Release|Any CPU.ActiveCfg = Release|Any CPU
		{3FF05421-D4BF-4AFC-A38E-7210B11B15ED}.Release|Any CPU.Build.0 = Release|Any CPU
	EndGlobalSection
	GlobalSection(SolutionProperties) = preSolution
		HideSolutionNode = FALSE
	EndGlobalSection
	GlobalSection(ExtensibilityGlobals) = postSolution
		SolutionGuid = {E0907CB3-F86B-4533-A9F3-FDA77942269E}
	EndGlobalSection
EndGlobal
